// !$*UTF8*$!
{
	archiveVersion = 1;
	classes = {
	};
	objectVersion = 48;
	objects = {

/* Begin PBXBuildFile section */
		5A36038A1F8A730800459F76 /* AppDelegate.swift in Sources */ = {isa = PBXBuildFile; fileRef = 5A3603891F8A730800459F76 /* AppDelegate.swift */; };
		5A36038C1F8A730800459F76 /* ViewController.swift in Sources */ = {isa = PBXBuildFile; fileRef = 5A36038B1F8A730800459F76 /* ViewController.swift */; };
		5A36038F1F8A730800459F76 /* Main.storyboard in Resources */ = {isa = PBXBuildFile; fileRef = 5A36038D1F8A730800459F76 /* Main.storyboard */; };
		5A3603911F8A730800459F76 /* Assets.xcassets in Resources */ = {isa = PBXBuildFile; fileRef = 5A3603901F8A730800459F76 /* Assets.xcassets */; };
		5A3603941F8A730800459F76 /* LaunchScreen.storyboard in Resources */ = {isa = PBXBuildFile; fileRef = 5A3603921F8A730800459F76 /* LaunchScreen.storyboard */; };
		F5938FCD20EF184300C39DDD /* foodIcon.svg in Resources */ = {isa = PBXBuildFile; fileRef = F5938FCC20EF184300C39DDD /* foodIcon.svg */; };
/* End PBXBuildFile section */

/* Begin PBXFileReference section */
		5A3603861F8A730800459F76 /* fridgieII.app */ = {isa = PBXFileReference; explicitFileType = wrapper.application; includeInIndex = 0; path = fridgieII.app; sourceTree = BUILT_PRODUCTS_DIR; };
		5A3603891F8A730800459F76 /* AppDelegate.swift */ = {isa = PBXFileReference; lastKnownFileType = sourcecode.swift; path = AppDelegate.swift; sourceTree = "<group>"; };
		5A36038B1F8A730800459F76 /* ViewController.swift */ = {isa = PBXFileReference; lastKnownFileType = sourcecode.swift; path = ViewController.swift; sourceTree = "<group>"; };
		5A36038E1F8A730800459F76 /* Base */ = {isa = PBXFileReference; lastKnownFileType = file.storyboard; name = Base; path = Base.lproj/Main.storyboard; sourceTree = "<group>"; };
		5A3603901F8A730800459F76 /* Assets.xcassets */ = {isa = PBXFileReference; lastKnownFileType = folder.assetcatalog; path = Assets.xcassets; sourceTree = "<group>"; };
		5A3603931F8A730800459F76 /* Base */ = {isa = PBXFileReference; lastKnownFileType = file.storyboard; name = Base; path = Base.lproj/LaunchScreen.storyboard; sourceTree = "<group>"; };
		5A3603951F8A730800459F76 /* Info.plist */ = {isa = PBXFileReference; lastKnownFileType = text.plist.xml; path = Info.plist; sourceTree = "<group>"; };
		F5938FCC20EF184300C39DDD /* foodIcon.svg */ = {isa = PBXFileReference; fileEncoding = 4; lastKnownFileType = text; path = foodIcon.svg; sourceTree = "<group>"; };
/* End PBXFileReference section */

/* Begin PBXFrameworksBuildPhase section */
		5A3603831F8A730800459F76 /* Frameworks */ = {
			isa = PBXFrameworksBuildPhase;
			buildActionMask = 2147483647;
			files = (
			);
			runOnlyForDeploymentPostprocessing = 0;
		};
/* End PBXFrameworksBuildPhase section */

/* Begin PBXGroup section */
		5A36037D1F8A730800459F76 = {
			isa = PBXGroup;
			children = (
				5A3603881F8A730800459F76 /* fridgieII */,
				5A3603871F8A730800459F76 /* Products */,
			);
			sourceTree = "<group>";
		};
		5A3603871F8A730800459F76 /* Products */ = {
			isa = PBXGroup;
			children = (
				5A3603861F8A730800459F76 /* fridgieII.app */,
			);
			name = Products;
			sourceTree = "<group>";
		};
		5A3603881F8A730800459F76 /* fridgieII */ = {
			isa = PBXGroup;
			children = (
				5A3603951F8A730800459F76 /* Info.plist */,
				F5B2206320FB01A400A68793 /* assets */,
				F5B2206220FB006100A68793 /* controller */,
				F5B2206120FB005100A68793 /* model */,
				F5B2206020FB003900A68793 /* view */,
			);
			path = fridgieII;
			sourceTree = "<group>";
		};
		F5B2206020FB003900A68793 /* view */ = {
			isa = PBXGroup;
			children = (
				5A3603921F8A730800459F76 /* LaunchScreen.storyboard */,
				5A36038D1F8A730800459F76 /* Main.storyboard */,
			);
			path = view;
			sourceTree = "<group>";
		};
		F5B2206120FB005100A68793 /* model */ = {
			isa = PBXGroup;
			children = (
				5A3603891F8A730800459F76 /* AppDelegate.swift */,
			);
			path = model;
			sourceTree = "<group>";
		};
		F5B2206220FB006100A68793 /* controller */ = {
			isa = PBXGroup;
			children = (
				5A36038B1F8A730800459F76 /* ViewController.swift */,
			);
			path = controller;
			sourceTree = "<group>";
		};
		F5B2206320FB01A400A68793 /* assets */ = {
			isa = PBXGroup;
			children = (
				5A3603901F8A730800459F76 /* Assets.xcassets */,
				F5938FCC20EF184300C39DDD /* foodIcon.svg */,
			);
			path = assets;
			sourceTree = "<group>";
		};
/* End PBXGroup section */

/* Begin PBXNativeTarget section */
		5A3603851F8A730800459F76 /* fridgieII */ = {
			isa = PBXNativeTarget;
			buildConfigurationList = 5A3603981F8A730900459F76 /* Build configuration list for PBXNativeTarget "fridgieII" */;
			buildPhases = (
				5A3603821F8A730800459F76 /* Sources */,
				5A3603831F8A730800459F76 /* Frameworks */,
				5A3603841F8A730800459F76 /* Resources */,
			);
			buildRules = (
			);
			dependencies = (
			);
			name = fridgieII;
			productName = "Add & Delete Cells";
			productReference = 5A3603861F8A730800459F76 /* fridgieII.app */;
			productType = "com.apple.product-type.application";
		};
/* End PBXNativeTarget section */

/* Begin PBXProject section */
		5A36037E1F8A730800459F76 /* Project object */ = {
			isa = PBXProject;
			attributes = {
				LastSwiftUpdateCheck = 0900;
				LastUpgradeCheck = 0940;
				ORGANIZATIONNAME = Fridgie;
				TargetAttributes = {
					5A3603851F8A730800459F76 = {
						CreatedOnToolsVersion = 9.0;
						ProvisioningStyle = Automatic;
					};
				};
			};
			buildConfigurationList = 5A3603811F8A730800459F76 /* Build configuration list for PBXProject "fridgieII" */;
			compatibilityVersion = "Xcode 8.0";
			developmentRegion = en;
			hasScannedForEncodings = 0;
			knownRegions = (
				en,
				Base,
			);
			mainGroup = 5A36037D1F8A730800459F76;
			productRefGroup = 5A3603871F8A730800459F76 /* Products */;
			projectDirPath = "";
			projectRoot = "";
			targets = (
				5A3603851F8A730800459F76 /* fridgieII */,
			);
		};
/* End PBXProject section */

/* Begin PBXResourcesBuildPhase section */
		5A3603841F8A730800459F76 /* Resources */ = {
			isa = PBXResourcesBuildPhase;
			buildActionMask = 2147483647;
			files = (
				5A3603941F8A730800459F76 /* LaunchScreen.storyboard in Resources */,
				5A3603911F8A730800459F76 /* Assets.xcassets in Resources */,
				5A36038F1F8A730800459F76 /* Main.storyboard in Resources */,
				F5938FCD20EF184300C39DDD /* foodIcon.svg in Resources */,
			);
			runOnlyForDeploymentPostprocessing = 0;
		};
/* End PBXResourcesBuildPhase section */

/* Begin PBXSourcesBuildPhase section */
		5A3603821F8A730800459F76 /* Sources */ = {
			isa = PBXSourcesBuildPhase;
			buildActionMask = 2147483647;
			files = (
				5A36038C1F8A730800459F76 /* ViewController.swift in Sources */,
				5A36038A1F8A730800459F76 /* AppDelegate.swift in Sources */,
			);
			runOnlyForDeploymentPostprocessing = 0;
		};
/* End PBXSourcesBuildPhase section */

/* Begin PBXVariantGroup section */
		5A36038D1F8A730800459F76 /* Main.storyboard */ = {
			isa = PBXVariantGroup;
			children = (
				5A36038E1F8A730800459F76 /* Base */,
			);
			name = Main.storyboard;
			sourceTree = "<group>";
		};
		5A3603921F8A730800459F76 /* LaunchScreen.storyboard */ = {
			isa = PBXVariantGroup;
			children = (
				5A3603931F8A730800459F76 /* Base */,
			);
			name = LaunchScreen.storyboard;
			sourceTree = "<group>";
		};
/* End PBXVariantGroup section */

/* Begin XCBuildConfiguration section */
		5A3603961F8A730900459F76 /* Debug */ = {
			isa = XCBuildConfiguration;
			buildSettings = {
				ALWAYS_SEARCH_USER_PATHS = NO;
				CLANG_ANALYZER_NONNULL = YES;
				CLANG_ANALYZER_NUMBER_OBJECT_CONVERSION = YES_AGGRESSIVE;
				CLANG_CXX_LANGUAGE_STANDARD = "gnu++14";
				CLANG_CXX_LIBRARY = "libc++";
				CLANG_ENABLE_MODULES = YES;
				CLANG_ENABLE_OBJC_ARC = YES;
				CLANG_WARN_BLOCK_CAPTURE_AUTORELEASING = YES;
				CLANG_WARN_BOOL_CONVERSION = YES;
				CLANG_WARN_COMMA = YES;
				CLANG_WARN_CONSTANT_CONVERSION = YES;
				CLANG_WARN_DEPRECATED_OBJC_IMPLEMENTATIONS = YES;
				CLANG_WARN_DIRECT_OBJC_ISA_USAGE = YES_ERROR;
				CLANG_WARN_DOCUMENTATION_COMMENTS = YES;
				CLANG_WARN_EMPTY_BODY = YES;
				CLANG_WARN_ENUM_CONVERSION = YES;
				CLANG_WARN_INFINITE_RECURSION = YES;
				CLANG_WARN_INT_CONVERSION = YES;
				CLANG_WARN_NON_LITERAL_NULL_CONVERSION = YES;
				CLANG_WARN_OBJC_IMPLICIT_RETAIN_SELF = YES;
				CLANG_WARN_OBJC_LITERAL_CONVERSION = YES;
				CLANG_WARN_OBJC_ROOT_CLASS = YES_ERROR;
				CLANG_WARN_RANGE_LOOP_ANALYSIS = YES;
				CLANG_WARN_STRICT_PROTOTYPES = YES;
				CLANG_WARN_SUSPICIOUS_MOVE = YES;
				CLANG_WARN_UNGUARDED_AVAILABILITY = YES_AGGRESSIVE;
				CLANG_WARN_UNREACHABLE_CODE = YES;
				CLANG_WARN__DUPLICATE_METHOD_MATCH = YES;
				CODE_SIGN_IDENTITY = "iPhone Developer";
				COPY_PHASE_STRIP = NO;
				DEBUG_INFORMATION_FORMAT = dwarf;
				ENABLE_STRICT_OBJC_MSGSEND = YES;
				ENABLE_TESTABILITY = YES;
				GCC_C_LANGUAGE_STANDARD = gnu11;
				GCC_DYNAMIC_NO_PIC = NO;
				GCC_NO_COMMON_BLOCKS = YES;
				GCC_OPTIMIZATION_LEVEL = 0;
				GCC_PREPROCESSOR_DEFINITIONS = (
					"DEBUG=1",
					"$(inherited)",
				);
				GCC_WARN_64_TO_32_BIT_CONVERSION = YES;
				GCC_WARN_ABOUT_RETURN_TYPE = YES_ERROR;
				GCC_WARN_UNDECLARED_SELECTOR = YES;
				GCC_WARN_UNINITIALIZED_AUTOS = YES_AGGRESSIVE;
				GCC_WARN_UNUSED_FUNCTION = YES;
				GCC_WARN_UNUSED_VARIABLE = YES;
				IPHONEOS_DEPLOYMENT_TARGET = 11.0;
				MTL_ENABLE_DEBUG_INFO = YES;
				ONLY_ACTIVE_ARCH = YES;
				SDKROOT = iphoneos;
				SWIFT_ACTIVE_COMPILATION_CONDITIONS = DEBUG;
				SWIFT_OPTIMIZATION_LEVEL = "-Onone";
			};
			name = Debug;
		};
		5A3603971F8A730900459F76 /* Release */ = {
			isa = XCBuildConfiguration;
			buildSettings = {
				ALWAYS_SEARCH_USER_PATHS = NO;
				CLANG_ANALYZER_NONNULL = YES;
				CLANG_ANALYZER_NUMBER_OBJECT_CONVERSION = YES_AGGRESSIVE;
				CLANG_CXX_LANGUAGE_STANDARD = "gnu++14";
				CLANG_CXX_LIBRARY = "libc++";
				CLANG_ENABLE_MODULES = YES;
				CLANG_ENABLE_OBJC_ARC = YES;
				CLANG_WARN_BLOCK_CAPTURE_AUTORELEASING = YES;
				CLANG_WARN_BOOL_CONVERSION = YES;
				CLANG_WARN_COMMA = YES;
				CLANG_WARN_CONSTANT_CONVERSION = YES;
				CLANG_WARN_DEPRECATED_OBJC_IMPLEMENTATIONS = YES;
				CLANG_WARN_DIRECT_OBJC_ISA_USAGE = YES_ERROR;
				CLANG_WARN_DOCUMENTATION_COMMENTS = YES;
				CLANG_WARN_EMPTY_BODY = YES;
				CLANG_WARN_ENUM_CONVERSION = YES;
				CLANG_WARN_INFINITE_RECURSION = YES;
				CLANG_WARN_INT_CONVERSION = YES;
				CLANG_WARN_NON_LITERAL_NULL_CONVERSION = YES;
				CLANG_WARN_OBJC_IMPLICIT_RETAIN_SELF = YES;
				CLANG_WARN_OBJC_LITERAL_CONVERSION = YES;
				CLANG_WARN_OBJC_ROOT_CLASS = YES_ERROR;
				CLANG_WARN_RANGE_LOOP_ANALYSIS = YES;
				CLANG_WARN_STRICT_PROTOTYPES = YES;
				CLANG_WARN_SUSPICIOUS_MOVE = YES;
				CLANG_WARN_UNGUARDED_AVAILABILITY = YES_AGGRESSIVE;
				CLANG_WARN_UNREACHABLE_CODE = YES;
				CLANG_WARN__DUPLICATE_METHOD_MATCH = YES;
				CODE_SIGN_IDENTITY = "iPhone Developer";
				COPY_PHASE_STRIP = NO;
				DEBUG_INFORMATION_FORMAT = "dwarf-with-dsym";
				ENABLE_NS_ASSERTIONS = NO;
				ENABLE_STRICT_OBJC_MSGSEND = YES;
				GCC_C_LANGUAGE_STANDARD = gnu11;
				GCC_NO_COMMON_BLOCKS = YES;
				GCC_WARN_64_TO_32_BIT_CONVERSION = YES;
				GCC_WARN_ABOUT_RETURN_TYPE = YES_ERROR;
				GCC_WARN_UNDECLARED_SELECTOR = YES;
				GCC_WARN_UNINITIALIZED_AUTOS = YES_AGGRESSIVE;
				GCC_WARN_UNUSED_FUNCTION = YES;
				GCC_WARN_UNUSED_VARIABLE = YES;
				IPHONEOS_DEPLOYMENT_TARGET = 11.0;
				MTL_ENABLE_DEBUG_INFO = NO;
				SDKROOT = iphoneos;
				SWIFT_OPTIMIZATION_LEVEL = "-Owholemodule";
				VALIDATE_PRODUCT = YES;
			};
			name = Release;
		};
		5A3603991F8A730900459F76 /* Debug */ = {
			isa = XCBuildConfiguration;
			buildSettings = {
				ASSETCATALOG_COMPILER_APPICON_NAME = AppIcon;
				CODE_SIGN_STYLE = Automatic;
				DEVELOPMENT_TEAM = "";
				INFOPLIST_FILE = fridgieII/Info.plist;
				LD_RUNPATH_SEARCH_PATHS = "$(inherited) @executable_path/Frameworks";
				PRODUCT_BUNDLE_IDENTIFIER = com.fridgieII;
				PRODUCT_NAME = "$(TARGET_NAME)";
				SWIFT_VERSION = 4.0;
				TARGETED_DEVICE_FAMILY = "1,2";
			};
			name = Debug;
		};
		5A36039A1F8A730900459F76 /* Release */ = {
			isa = XCBuildConfiguration;
			buildSettings = {
				ASSETCATALOG_COMPILER_APPICON_NAME = AppIcon;
				CODE_SIGN_STYLE = Automatic;
				DEVELOPMENT_TEAM = "";
				INFOPLIST_FILE = fridgieII/Info.plist;
				LD_RUNPATH_SEARCH_PATHS = "$(inherited) @executable_path/Frameworks";
				PRODUCT_BUNDLE_IDENTIFIER = com.fridgieII;
				PRODUCT_NAME = "$(TARGET_NAME)";
				SWIFT_VERSION = 4.0;
				TARGETED_DEVICE_FAMILY = "1,2";
			};
			name = Release;
		};
/* End XCBuildConfiguration section */

/* Begin XCConfigurationList section */
		5A3603811F8A730800459F76 /* Build configuration list for PBXProject "fridgieII" */ = {
			isa = XCConfigurationList;
			buildConfigurations = (
				5A3603961F8A730900459F76 /* Debug */,
				5A3603971F8A730900459F76 /* Release */,
			);
			defaultConfigurationIsVisible = 0;
			defaultConfigurationName = Release;
		};
		5A3603981F8A730900459F76 /* Build configuration list for PBXNativeTarget "fridgieII" */ = {
			isa = XCConfigurationList;
			buildConfigurations = (
				5A3603991F8A730900459F76 /* Debug */,
				5A36039A1F8A730900459F76 /* Release */,
			);
			defaultConfigurationIsVisible = 0;
			defaultConfigurationName = Release;
		};
/* End XCConfigurationList section */
	};
	rootObject = 5A36037E1F8A730800459F76 /* Project object */;
}
